// !$*UTF8*$!
{
	archiveVersion = 1;
	classes = {
	};
	objectVersion = 55;
	objects = {

/* Begin PBXBuildFile section */
		D82417142713C550003718E1 /* AppDelegate.swift in Sources */ = {isa = PBXBuildFile; fileRef = D82417132713C550003718E1 /* AppDelegate.swift */; };
		D82417162713C550003718E1 /* SceneDelegate.swift in Sources */ = {isa = PBXBuildFile; fileRef = D82417152713C550003718E1 /* SceneDelegate.swift */; };
		D82417182713C550003718E1 /* ViewController.swift in Sources */ = {isa = PBXBuildFile; fileRef = D82417172713C550003718E1 /* ViewController.swift */; };
		D824171D2713C552003718E1 /* Assets.xcassets in Resources */ = {isa = PBXBuildFile; fileRef = D824171C2713C552003718E1 /* Assets.xcassets */; };
		D82417202713C552003718E1 /* LaunchScreen.storyboard in Resources */ = {isa = PBXBuildFile; fileRef = D824171E2713C552003718E1 /* LaunchScreen.storyboard */; };
		D824172C271528F0003718E1 /* MainView.swift in Sources */ = {isa = PBXBuildFile; fileRef = D824172B271528F0003718E1 /* MainView.swift */; };
		D824172E27154533003718E1 /* HeaderView.swift in Sources */ = {isa = PBXBuildFile; fileRef = D824172D27154533003718E1 /* HeaderView.swift */; };
		D84353ED271A16A700DB82D3 /* RandomWordView.swift in Sources */ = {isa = PBXBuildFile; fileRef = D84353EC271A16A700DB82D3 /* RandomWordView.swift */; };
		D84353EF271B747F00DB82D3 /* SearchDefinitionView.swift in Sources */ = {isa = PBXBuildFile; fileRef = D84353EE271B747F00DB82D3 /* SearchDefinitionView.swift */; };
/* End PBXBuildFile section */

/* Begin PBXFileReference section */
		D82417102713C550003718E1 /* DailyDoseOfDefinitions.app */ = {isa = PBXFileReference; explicitFileType = wrapper.application; includeInIndex = 0; path = DailyDoseOfDefinitions.app; sourceTree = BUILT_PRODUCTS_DIR; };
		D82417132713C550003718E1 /* AppDelegate.swift */ = {isa = PBXFileReference; lastKnownFileType = sourcecode.swift; path = AppDelegate.swift; sourceTree = "<group>"; };
		D82417152713C550003718E1 /* SceneDelegate.swift */ = {isa = PBXFileReference; lastKnownFileType = sourcecode.swift; path = SceneDelegate.swift; sourceTree = "<group>"; };
		D82417172713C550003718E1 /* ViewController.swift */ = {isa = PBXFileReference; lastKnownFileType = sourcecode.swift; path = ViewController.swift; sourceTree = "<group>"; };
		D824171C2713C552003718E1 /* Assets.xcassets */ = {isa = PBXFileReference; lastKnownFileType = folder.assetcatalog; path = Assets.xcassets; sourceTree = "<group>"; };
		D824171F2713C552003718E1 /* Base */ = {isa = PBXFileReference; lastKnownFileType = file.storyboard; name = Base; path = Base.lproj/LaunchScreen.storyboard; sourceTree = "<group>"; };
		D82417212713C552003718E1 /* Info.plist */ = {isa = PBXFileReference; lastKnownFileType = text.plist.xml; path = Info.plist; sourceTree = "<group>"; };
		D824172B271528F0003718E1 /* MainView.swift */ = {isa = PBXFileReference; lastKnownFileType = sourcecode.swift; path = MainView.swift; sourceTree = "<group>"; };
		D824172D27154533003718E1 /* HeaderView.swift */ = {isa = PBXFileReference; lastKnownFileType = sourcecode.swift; path = HeaderView.swift; sourceTree = "<group>"; };
		D84353EC271A16A700DB82D3 /* RandomWordView.swift */ = {isa = PBXFileReference; lastKnownFileType = sourcecode.swift; path = RandomWordView.swift; sourceTree = "<group>"; };
		D84353EE271B747F00DB82D3 /* SearchDefinitionView.swift */ = {isa = PBXFileReference; lastKnownFileType = sourcecode.swift; path = SearchDefinitionView.swift; sourceTree = "<group>"; };
/* End PBXFileReference section */

/* Begin PBXFrameworksBuildPhase section */
		D824170D2713C550003718E1 /* Frameworks */ = {
			isa = PBXFrameworksBuildPhase;
			buildActionMask = 2147483647;
			files = (
			);
			runOnlyForDeploymentPostprocessing = 0;
		};
/* End PBXFrameworksBuildPhase section */

/* Begin PBXGroup section */
		D82417072713C550003718E1 = {
			isa = PBXGroup;
			children = (
				D82417122713C550003718E1 /* DailyDoseOfDefinitions */,
				D82417112713C550003718E1 /* Products */,
			);
			sourceTree = "<group>";
		};
		D82417112713C550003718E1 /* Products */ = {
			isa = PBXGroup;
			children = (
				D82417102713C550003718E1 /* DailyDoseOfDefinitions.app */,
			);
			name = Products;
			sourceTree = "<group>";
		};
		D82417122713C550003718E1 /* DailyDoseOfDefinitions */ = {
			isa = PBXGroup;
			children = (
				D824172A27151C09003718E1 /* Supporting Files */,
				D824172927151C01003718E1 /* Controller */,
				D824172827151BF8003718E1 /* View */,
				D824172727151BED003718E1 /* Model */,
			);
			path = DailyDoseOfDefinitions;
			sourceTree = "<group>";
		};
		D824172727151BED003718E1 /* Model */ = {
			isa = PBXGroup;
			children = (
			);
			path = Model;
			sourceTree = "<group>";
		};
		D824172827151BF8003718E1 /* View */ = {
			isa = PBXGroup;
			children = (
				D824172B271528F0003718E1 /* MainView.swift */,
				D824172D27154533003718E1 /* HeaderView.swift */,
				D84353EC271A16A700DB82D3 /* RandomWordView.swift */,
				D84353EE271B747F00DB82D3 /* SearchDefinitionView.swift */,
			);
			path = View;
			sourceTree = "<group>";
		};
		D824172927151C01003718E1 /* Controller */ = {
			isa = PBXGroup;
			children = (
				D82417172713C550003718E1 /* ViewController.swift */,
			);
			path = Controller;
			sourceTree = "<group>";
		};
		D824172A27151C09003718E1 /* Supporting Files */ = {
			isa = PBXGroup;
			children = (
				D824171C2713C552003718E1 /* Assets.xcassets */,
				D824171E2713C552003718E1 /* LaunchScreen.storyboard */,
				D82417212713C552003718E1 /* Info.plist */,
				D82417132713C550003718E1 /* AppDelegate.swift */,
				D82417152713C550003718E1 /* SceneDelegate.swift */,
			);
			path = "Supporting Files";
			sourceTree = "<group>";
		};
/* End PBXGroup section */

/* Begin PBXNativeTarget section */
		D824170F2713C550003718E1 /* DailyDoseOfDefinitions */ = {
			isa = PBXNativeTarget;
			buildConfigurationList = D82417242713C552003718E1 /* Build configuration list for PBXNativeTarget "DailyDoseOfDefinitions" */;
			buildPhases = (
				D824170C2713C550003718E1 /* Sources */,
				D824170D2713C550003718E1 /* Frameworks */,
				D824170E2713C550003718E1 /* Resources */,
			);
			buildRules = (
			);
			dependencies = (
			);
			name = DailyDoseOfDefinitions;
			productName = DailyDoseOfDefinitions;
			productReference = D82417102713C550003718E1 /* DailyDoseOfDefinitions.app */;
			productType = "com.apple.product-type.application";
		};
/* End PBXNativeTarget section */

/* Begin PBXProject section */
		D82417082713C550003718E1 /* Project object */ = {
			isa = PBXProject;
			attributes = {
				BuildIndependentTargetsInParallel = 1;
				LastSwiftUpdateCheck = 1300;
				LastUpgradeCheck = 1300;
				TargetAttributes = {
					D824170F2713C550003718E1 = {
						CreatedOnToolsVersion = 13.0;
					};
				};
			};
			buildConfigurationList = D824170B2713C550003718E1 /* Build configuration list for PBXProject "DailyDoseOfDefinitions" */;
			compatibilityVersion = "Xcode 13.0";
			developmentRegion = en;
			hasScannedForEncodings = 0;
			knownRegions = (
				en,
				Base,
			);
			mainGroup = D82417072713C550003718E1;
			productRefGroup = D82417112713C550003718E1 /* Products */;
			projectDirPath = "";
			projectRoot = "";
			targets = (
				D824170F2713C550003718E1 /* DailyDoseOfDefinitions */,
			);
		};
/* End PBXProject section */

/* Begin PBXResourcesBuildPhase section */
		D824170E2713C550003718E1 /* Resources */ = {
			isa = PBXResourcesBuildPhase;
			buildActionMask = 2147483647;
			files = (
				D82417202713C552003718E1 /* LaunchScreen.storyboard in Resources */,
				D824171D2713C552003718E1 /* Assets.xcassets in Resources */,
			);
			runOnlyForDeploymentPostprocessing = 0;
		};
/* End PBXResourcesBuildPhase section */

/* Begin PBXSourcesBuildPhase section */
		D824170C2713C550003718E1 /* Sources */ = {
			isa = PBXSourcesBuildPhase;
			buildActionMask = 2147483647;
			files = (
				D84353EF271B747F00DB82D3 /* SearchDefinitionView.swift in Sources */,
				D824172E27154533003718E1 /* HeaderView.swift in Sources */,
				D82417182713C550003718E1 /* ViewController.swift in Sources */,
				D824172C271528F0003718E1 /* MainView.swift in Sources */,
				D82417142713C550003718E1 /* AppDelegate.swift in Sources */,
				D82417162713C550003718E1 /* SceneDelegate.swift in Sources */,
				D84353ED271A16A700DB82D3 /* RandomWordView.swift in Sources */,
			);
			runOnlyForDeploymentPostprocessing = 0;
		};
/* End PBXSourcesBuildPhase section */

/* Begin PBXVariantGroup section */
		D824171E2713C552003718E1 /* LaunchScreen.storyboard */ = {
			isa = PBXVariantGroup;
			children = (
				D824171F2713C552003718E1 /* Base */,
			);
			name = LaunchScreen.storyboard;
			sourceTree = "<group>";
		};
/* End PBXVariantGroup section */

/* Begin XCBuildConfiguration section */
		D82417222713C552003718E1 /* Debug */ = {
			isa = XCBuildConfiguration;
			buildSettings = {
				ALWAYS_SEARCH_USER_PATHS = NO;
				CLANG_ANALYZER_NONNULL = YES;
				CLANG_ANALYZER_NUMBER_OBJECT_CONVERSION = YES_AGGRESSIVE;
				CLANG_CXX_LANGUAGE_STANDARD = "gnu++17";
				CLANG_CXX_LIBRARY = "libc++";
				CLANG_ENABLE_MODULES = YES;
				CLANG_ENABLE_OBJC_ARC = YES;
				CLANG_ENABLE_OBJC_WEAK = YES;
				CLANG_WARN_BLOCK_CAPTURE_AUTORELEASING = YES;
				CLANG_WARN_BOOL_CONVERSION = YES;
				CLANG_WARN_COMMA = YES;
				CLANG_WARN_CONSTANT_CONVERSION = YES;
				CLANG_WARN_DEPRECATED_OBJC_IMPLEMENTATIONS = YES;
				CLANG_WARN_DIRECT_OBJC_ISA_USAGE = YES_ERROR;
				CLANG_WARN_DOCUMENTATION_COMMENTS = YES;
				CLANG_WARN_EMPTY_BODY = YES;
				CLANG_WARN_ENUM_CONVERSION = YES;
				CLANG_WARN_INFINITE_RECURSION = YES;
				CLANG_WARN_INT_CONVERSION = YES;
				CLANG_WARN_NON_LITERAL_NULL_CONVERSION = YES;
				CLANG_WARN_OBJC_IMPLICIT_RETAIN_SELF = YES;
				CLANG_WARN_OBJC_LITERAL_CONVERSION = YES;
				CLANG_WARN_OBJC_ROOT_CLASS = YES_ERROR;
				CLANG_WARN_QUOTED_INCLUDE_IN_FRAMEWORK_HEADER = YES;
				CLANG_WARN_RANGE_LOOP_ANALYSIS = YES;
				CLANG_WARN_STRICT_PROTOTYPES = YES;
				CLANG_WARN_SUSPICIOUS_MOVE = YES;
				CLANG_WARN_UNGUARDED_AVAILABILITY = YES_AGGRESSIVE;
				CLANG_WARN_UNREACHABLE_CODE = YES;
				CLANG_WARN__DUPLICATE_METHOD_MATCH = YES;
				COPY_PHASE_STRIP = NO;
				DEBUG_INFORMATION_FORMAT = dwarf;
				ENABLE_STRICT_OBJC_MSGSEND = YES;
				ENABLE_TESTABILITY = YES;
				GCC_C_LANGUAGE_STANDARD = gnu11;
				GCC_DYNAMIC_NO_PIC = NO;
				GCC_NO_COMMON_BLOCKS = YES;
				GCC_OPTIMIZATION_LEVEL = 0;
				GCC_PREPROCESSOR_DEFINITIONS = (
					"DEBUG=1",
					"$(inherited)",
				);
				GCC_WARN_64_TO_32_BIT_CONVERSION = YES;
				GCC_WARN_ABOUT_RETURN_TYPE = YES_ERROR;
				GCC_WARN_UNDECLARED_SELECTOR = YES;
				GCC_WARN_UNINITIALIZED_AUTOS = YES_AGGRESSIVE;
				GCC_WARN_UNUSED_FUNCTION = YES;
				GCC_WARN_UNUSED_VARIABLE = YES;
				IPHONEOS_DEPLOYMENT_TARGET = 15.0;
				MTL_ENABLE_DEBUG_INFO = INCLUDE_SOURCE;
				MTL_FAST_MATH = YES;
				ONLY_ACTIVE_ARCH = YES;
				SDKROOT = iphoneos;
				SWIFT_ACTIVE_COMPILATION_CONDITIONS = DEBUG;
				SWIFT_OPTIMIZATION_LEVEL = "-Onone";
			};
			name = Debug;
		};
		D82417232713C552003718E1 /* Release */ = {
			isa = XCBuildConfiguration;
			buildSettings = {
				ALWAYS_SEARCH_USER_PATHS = NO;
				CLANG_ANALYZER_NONNULL = YES;
				CLANG_ANALYZER_NUMBER_OBJECT_CONVERSION = YES_AGGRESSIVE;
				CLANG_CXX_LANGUAGE_STANDARD = "gnu++17";
				CLANG_CXX_LIBRARY = "libc++";
				CLANG_ENABLE_MODULES = YES;
				CLANG_ENABLE_OBJC_ARC = YES;
				CLANG_ENABLE_OBJC_WEAK = YES;
				CLANG_WARN_BLOCK_CAPTURE_AUTORELEASING = YES;
				CLANG_WARN_BOOL_CONVERSION = YES;
				CLANG_WARN_COMMA = YES;
				CLANG_WARN_CONSTANT_CONVERSION = YES;
				CLANG_WARN_DEPRECATED_OBJC_IMPLEMENTATIONS = YES;
				CLANG_WARN_DIRECT_OBJC_ISA_USAGE = YES_ERROR;
				CLANG_WARN_DOCUMENTATION_COMMENTS = YES;
				CLANG_WARN_EMPTY_BODY = YES;
				CLANG_WARN_ENUM_CONVERSION = YES;
				CLANG_WARN_INFINITE_RECURSION = YES;
				CLANG_WARN_INT_CONVERSION = YES;
				CLANG_WARN_NON_LITERAL_NULL_CONVERSION = YES;
				CLANG_WARN_OBJC_IMPLICIT_RETAIN_SELF = YES;
				CLANG_WARN_OBJC_LITERAL_CONVERSION = YES;
				CLANG_WARN_OBJC_ROOT_CLASS = YES_ERROR;
				CLANG_WARN_QUOTED_INCLUDE_IN_FRAMEWORK_HEADER = YES;
				CLANG_WARN_RANGE_LOOP_ANALYSIS = YES;
				CLANG_WARN_STRICT_PROTOTYPES = YES;
				CLANG_WARN_SUSPICIOUS_MOVE = YES;
				CLANG_WARN_UNGUARDED_AVAILABILITY = YES_AGGRESSIVE;
				CLANG_WARN_UNREACHABLE_CODE = YES;
				CLANG_WARN__DUPLICATE_METHOD_MATCH = YES;
				COPY_PHASE_STRIP = NO;
				DEBUG_INFORMATION_FORMAT = "dwarf-with-dsym";
				ENABLE_NS_ASSERTIONS = NO;
				ENABLE_STRICT_OBJC_MSGSEND = YES;
				GCC_C_LANGUAGE_STANDARD = gnu11;
				GCC_NO_COMMON_BLOCKS = YES;
				GCC_WARN_64_TO_32_BIT_CONVERSION = YES;
				GCC_WARN_ABOUT_RETURN_TYPE = YES_ERROR;
				GCC_WARN_UNDECLARED_SELECTOR = YES;
				GCC_WARN_UNINITIALIZED_AUTOS = YES_AGGRESSIVE;
				GCC_WARN_UNUSED_FUNCTION = YES;
				GCC_WARN_UNUSED_VARIABLE = YES;
				IPHONEOS_DEPLOYMENT_TARGET = 15.0;
				MTL_ENABLE_DEBUG_INFO = NO;
				MTL_FAST_MATH = YES;
				SDKROOT = iphoneos;
				SWIFT_COMPILATION_MODE = wholemodule;
				SWIFT_OPTIMIZATION_LEVEL = "-O";
				VALIDATE_PRODUCT = YES;
			};
			name = Release;
		};
		D82417252713C552003718E1 /* Debug */ = {
			isa = XCBuildConfiguration;
			buildSettings = {
				ASSETCATALOG_COMPILER_APPICON_NAME = AppIcon;
				ASSETCATALOG_COMPILER_GLOBAL_ACCENT_COLOR_NAME = AccentColor;
				CODE_SIGN_STYLE = Automatic;
				CURRENT_PROJECT_VERSION = 1;
				DEVELOPMENT_TEAM = M73G528T92;
				GENERATE_INFOPLIST_FILE = YES;
				INFOPLIST_FILE = "DailyDoseOfDefinitions/Supporting Files/Info.plist";
				INFOPLIST_KEY_UIApplicationSupportsIndirectInputEvents = YES;
				INFOPLIST_KEY_UILaunchStoryboardName = LaunchScreen;
				INFOPLIST_KEY_UISupportedInterfaceOrientations_iPad = "UIInterfaceOrientationPortrait UIInterfaceOrientationPortraitUpsideDown UIInterfaceOrientationLandscapeLeft UIInterfaceOrientationLandscapeRight";
				INFOPLIST_KEY_UISupportedInterfaceOrientations_iPhone = "UIInterfaceOrientationPortrait UIInterfaceOrientationLandscapeLeft UIInterfaceOrientationLandscapeRight";
				LD_RUNPATH_SEARCH_PATHS = (
					"$(inherited)",
					"@executable_path/Frameworks",
				);
				MARKETING_VERSION = 1.0;
				PRODUCT_BUNDLE_IDENTIFIER = com.raulrodrigueziii.DailyDoseOfDefinitions;
				PRODUCT_NAME = "$(TARGET_NAME)";
				SWIFT_EMIT_LOC_STRINGS = YES;
				SWIFT_VERSION = 5.0;
				TARGETED_DEVICE_FAMILY = "1,2";
			};
			name = Debug;
		};
		D82417262713C552003718E1 /* Release */ = {
			isa = XCBuildConfiguration;
			buildSettings = {
				ASSETCATALOG_COMPILER_APPICON_NAME = AppIcon;
				ASSETCATALOG_COMPILER_GLOBAL_ACCENT_COLOR_NAME = AccentColor;
				CODE_SIGN_STYLE = Automatic;
				CURRENT_PROJECT_VERSION = 1;
				DEVELOPMENT_TEAM = M73G528T92;
				GENERATE_INFOPLIST_FILE = YES;
				INFOPLIST_FILE = "DailyDoseOfDefinitions/Supporting Files/Info.plist";
				INFOPLIST_KEY_UIApplicationSupportsIndirectInputEvents = YES;
				INFOPLIST_KEY_UILaunchStoryboardName = LaunchScreen;
				INFOPLIST_KEY_UISupportedInterfaceOrientations_iPad = "UIInterfaceOrientationPortrait UIInterfaceOrientationPortraitUpsideDown UIInterfaceOrientationLandscapeLeft UIInterfaceOrientationLandscapeRight";
				INFOPLIST_KEY_UISupportedInterfaceOrientations_iPhone = "UIInterfaceOrientationPortrait UIInterfaceOrientationLandscapeLeft UIInterfaceOrientationLandscapeRight";
				LD_RUNPATH_SEARCH_PATHS = (
					"$(inherited)",
					"@executable_path/Frameworks",
				);
				MARKETING_VERSION = 1.0;
				PRODUCT_BUNDLE_IDENTIFIER = com.raulrodrigueziii.DailyDoseOfDefinitions;
				PRODUCT_NAME = "$(TARGET_NAME)";
				SWIFT_EMIT_LOC_STRINGS = YES;
				SWIFT_VERSION = 5.0;
				TARGETED_DEVICE_FAMILY = "1,2";
			};
			name = Release;
		};
/* End XCBuildConfiguration section */

/* Begin XCConfigurationList section */
		D824170B2713C550003718E1 /* Build configuration list for PBXProject "DailyDoseOfDefinitions" */ = {
			isa = XCConfigurationList;
			buildConfigurations = (
				D82417222713C552003718E1 /* Debug */,
				D82417232713C552003718E1 /* Release */,
			);
			defaultConfigurationIsVisible = 0;
			defaultConfigurationName = Release;
		};
		D82417242713C552003718E1 /* Build configuration list for PBXNativeTarget "DailyDoseOfDefinitions" */ = {
			isa = XCConfigurationList;
			buildConfigurations = (
				D82417252713C552003718E1 /* Debug */,
				D82417262713C552003718E1 /* Release */,
			);
			defaultConfigurationIsVisible = 0;
			defaultConfigurationName = Release;
		};
/* End XCConfigurationList section */
	};
	rootObject = D82417082713C550003718E1 /* Project object */;
}
